
Microsoft Visual Studio Solution File, Format Version 12.00
# Visual Studio 15
VisualStudioVersion = 15.0.27004.2006
MinimumVisualStudioVersion = 10.0.40219.1
Project("{FAE04EC0-301F-11D3-BF4B-00C04F79EFBC}") = "LectureContentInterfaces", "LectureContentInterfaces\LectureContentInterfaces.csproj", "{84895E81-5881-476D-B1B9-CA3C2D31BCA4}"
EndProject
Global
	GlobalSection(SolutionConfigurationPlatforms) = preSolution
		Debug|Any CPU = Debug|Any CPU
		Release|Any CPU = Release|Any CPU
	EndGlobalSection
	GlobalSection(ProjectConfigurationPlatforms) = postSolution
		{84895E81-5881-476D-B1B9-CA3C2D31BCA4}.Debug|Any CPU.ActiveCfg = Debug|Any CPU
		{84895E81-5881-476D-B1B9-CA3C2D31BCA4}.Debug|Any CPU.Build.0 = Debug|Any CPU
		{84895E81-5881-476D-B1B9-CA3C2D31BCA4}.Release|Any CPU.ActiveCfg = Release|Any CPU
		{84895E81-5881-476D-B1B9-CA3C2D31BCA4}.Release|Any CPU.Build.0 = Release|Any CPU
	EndGlobalSection
	GlobalSection(SolutionProperties) = preSolution
		HideSolutionNode = FALSE
	EndGlobalSection
	GlobalSection(ExtensibilityGlobals) = postSolution
		SolutionGuid = {02A248D6-B8EA-4E3A-9479-2F65460E2EEA}
	EndGlobalSection
EndGlobal
